
Microsoft Visual Studio Solution File, Format Version 12.00
# Visual Studio 15
VisualStudioVersion = 15.0.27703.2018
MinimumVisualStudioVersion = 10.0.40219.1
Project("{FAE04EC0-301F-11D3-BF4B-00C04F79EFBC}") = "Rewards.BLL", "Rewards.BLL\Rewards.BLL.csproj", "{A002295D-1F0F-445E-9CF0-853201ED1A51}"
EndProject
Global
	GlobalSection(SolutionConfigurationPlatforms) = preSolution
		Debug|Any CPU = Debug|Any CPU
		Release|Any CPU = Release|Any CPU
	EndGlobalSection
	GlobalSection(ProjectConfigurationPlatforms) = postSolution
		{A002295D-1F0F-445E-9CF0-853201ED1A51}.Debug|Any CPU.ActiveCfg = Debug|Any CPU
		{A002295D-1F0F-445E-9CF0-853201ED1A51}.Debug|Any CPU.Build.0 = Debug|Any CPU
		{A002295D-1F0F-445E-9CF0-853201ED1A51}.Release|Any CPU.ActiveCfg = Release|Any CPU
		{A002295D-1F0F-445E-9CF0-853201ED1A51}.Release|Any CPU.Build.0 = Release|Any CPU
	EndGlobalSection
	GlobalSection(SolutionProperties) = preSolution
		HideSolutionNode = FALSE
	EndGlobalSection
	GlobalSection(ExtensibilityGlobals) = postSolution
		SolutionGuid = {B9DF017C-512C-4653-A251-3095F485E2B4}
	EndGlobalSection
EndGlobal
