
Microsoft Visual Studio Solution File, Format Version 12.00
# Visual Studio 15
VisualStudioVersion = 15.0.27703.2018
MinimumVisualStudioVersion = 10.0.40219.1
Project("{FAE04EC0-301F-11D3-BF4B-00C04F79EFBC}") = "Rewards.BLL", "Rewards.BLL\Rewards.BLL.csproj", "{A002295D-1F0F-445E-9CF0-853201ED1A51}"
EndProject
Project("{FAE04EC0-301F-11D3-BF4B-00C04F79EFBC}") = "Rewards.BLL.Interface", "Rewards.BLL.Interface\Rewards.BLL.Interface.csproj", "{75BC9087-A837-46D7-844C-6C394983C493}"
EndProject
Project("{2150E333-8FDC-42A3-9474-1A3956D46DE8}") = "BLL", "BLL", "{8A7C49BC-6AFA-4419-B47E-E58467E15205}"
EndProject
Project("{2150E333-8FDC-42A3-9474-1A3956D46DE8}") = "DAL", "DAL", "{16B6870E-7AE0-4478-8BDC-2C8CBC65E15F}"
EndProject
Project("{2150E333-8FDC-42A3-9474-1A3956D46DE8}") = "PL", "PL", "{EB9020AD-4D0E-4E6B-967D-55880B6374EF}"
EndProject
Project("{FAE04EC0-301F-11D3-BF4B-00C04F79EFBC}") = "Rewards.DAL", "Rewards.DAL\Rewards.DAL.csproj", "{08153AEC-697D-4C24-BDAB-C87A3DDBC074}"
EndProject
Project("{FAE04EC0-301F-11D3-BF4B-00C04F79EFBC}") = "Rewards.DAL.Interface", "Rewards.DAL.Interface\Rewards.DAL.Interface.csproj", "{7361C8D7-F055-4A00-AA98-F4C7A2F37521}"
EndProject
Project("{FAE04EC0-301F-11D3-BF4B-00C04F79EFBC}") = "Rewards.PL", "Rewards.PL\Rewards.PL.csproj", "{037CBB54-1C3D-4830-8785-5C316D292DFF}"
EndProject
Project("{2150E333-8FDC-42A3-9474-1A3956D46DE8}") = "Common", "Common", "{343A8F49-F352-4DA8-AA15-0CF3D05DC66C}"
EndProject
Project("{FAE04EC0-301F-11D3-BF4B-00C04F79EFBC}") = "Rewards.Entities", "Rewards.Entities1\Rewards.Entities.csproj", "{A78E31EC-3B34-4967-A084-8517A5C19AB3}"
EndProject
Project("{FAE04EC0-301F-11D3-BF4B-00C04F79EFBC}") = "Reward.Container", "Reward.Container\Reward.Container.csproj", "{2020386F-0C3C-422D-8A45-A06F40CDEB0A}"
EndProject
Global
	GlobalSection(SolutionConfigurationPlatforms) = preSolution
		Debug|Any CPU = Debug|Any CPU
		Release|Any CPU = Release|Any CPU
	EndGlobalSection
	GlobalSection(ProjectConfigurationPlatforms) = postSolution
		{A002295D-1F0F-445E-9CF0-853201ED1A51}.Debug|Any CPU.ActiveCfg = Debug|Any CPU
		{A002295D-1F0F-445E-9CF0-853201ED1A51}.Debug|Any CPU.Build.0 = Debug|Any CPU
		{A002295D-1F0F-445E-9CF0-853201ED1A51}.Release|Any CPU.ActiveCfg = Release|Any CPU
		{A002295D-1F0F-445E-9CF0-853201ED1A51}.Release|Any CPU.Build.0 = Release|Any CPU
		{75BC9087-A837-46D7-844C-6C394983C493}.Debug|Any CPU.ActiveCfg = Debug|Any CPU
		{75BC9087-A837-46D7-844C-6C394983C493}.Debug|Any CPU.Build.0 = Debug|Any CPU
		{75BC9087-A837-46D7-844C-6C394983C493}.Release|Any CPU.ActiveCfg = Release|Any CPU
		{75BC9087-A837-46D7-844C-6C394983C493}.Release|Any CPU.Build.0 = Release|Any CPU
		{08153AEC-697D-4C24-BDAB-C87A3DDBC074}.Debug|Any CPU.ActiveCfg = Debug|Any CPU
		{08153AEC-697D-4C24-BDAB-C87A3DDBC074}.Debug|Any CPU.Build.0 = Debug|Any CPU
		{08153AEC-697D-4C24-BDAB-C87A3DDBC074}.Release|Any CPU.ActiveCfg = Release|Any CPU
		{08153AEC-697D-4C24-BDAB-C87A3DDBC074}.Release|Any CPU.Build.0 = Release|Any CPU
		{7361C8D7-F055-4A00-AA98-F4C7A2F37521}.Debug|Any CPU.ActiveCfg = Debug|Any CPU
		{7361C8D7-F055-4A00-AA98-F4C7A2F37521}.Debug|Any CPU.Build.0 = Debug|Any CPU
		{7361C8D7-F055-4A00-AA98-F4C7A2F37521}.Release|Any CPU.ActiveCfg = Release|Any CPU
		{7361C8D7-F055-4A00-AA98-F4C7A2F37521}.Release|Any CPU.Build.0 = Release|Any CPU
		{037CBB54-1C3D-4830-8785-5C316D292DFF}.Debug|Any CPU.ActiveCfg = Debug|Any CPU
		{037CBB54-1C3D-4830-8785-5C316D292DFF}.Debug|Any CPU.Build.0 = Debug|Any CPU
		{037CBB54-1C3D-4830-8785-5C316D292DFF}.Release|Any CPU.ActiveCfg = Release|Any CPU
		{037CBB54-1C3D-4830-8785-5C316D292DFF}.Release|Any CPU.Build.0 = Release|Any CPU
		{A78E31EC-3B34-4967-A084-8517A5C19AB3}.Debug|Any CPU.ActiveCfg = Debug|Any CPU
		{A78E31EC-3B34-4967-A084-8517A5C19AB3}.Debug|Any CPU.Build.0 = Debug|Any CPU
		{A78E31EC-3B34-4967-A084-8517A5C19AB3}.Release|Any CPU.ActiveCfg = Release|Any CPU
		{A78E31EC-3B34-4967-A084-8517A5C19AB3}.Release|Any CPU.Build.0 = Release|Any CPU
		{2020386F-0C3C-422D-8A45-A06F40CDEB0A}.Debug|Any CPU.ActiveCfg = Debug|Any CPU
		{2020386F-0C3C-422D-8A45-A06F40CDEB0A}.Debug|Any CPU.Build.0 = Debug|Any CPU
		{2020386F-0C3C-422D-8A45-A06F40CDEB0A}.Release|Any CPU.ActiveCfg = Release|Any CPU
		{2020386F-0C3C-422D-8A45-A06F40CDEB0A}.Release|Any CPU.Build.0 = Release|Any CPU
	EndGlobalSection
	GlobalSection(SolutionProperties) = preSolution
		HideSolutionNode = FALSE
	EndGlobalSection
	GlobalSection(NestedProjects) = preSolution
		{A002295D-1F0F-445E-9CF0-853201ED1A51} = {8A7C49BC-6AFA-4419-B47E-E58467E15205}
		{75BC9087-A837-46D7-844C-6C394983C493} = {8A7C49BC-6AFA-4419-B47E-E58467E15205}
		{08153AEC-697D-4C24-BDAB-C87A3DDBC074} = {16B6870E-7AE0-4478-8BDC-2C8CBC65E15F}
		{7361C8D7-F055-4A00-AA98-F4C7A2F37521} = {16B6870E-7AE0-4478-8BDC-2C8CBC65E15F}
		{037CBB54-1C3D-4830-8785-5C316D292DFF} = {EB9020AD-4D0E-4E6B-967D-55880B6374EF}
		{A78E31EC-3B34-4967-A084-8517A5C19AB3} = {343A8F49-F352-4DA8-AA15-0CF3D05DC66C}
		{2020386F-0C3C-422D-8A45-A06F40CDEB0A} = {343A8F49-F352-4DA8-AA15-0CF3D05DC66C}
	EndGlobalSection
	GlobalSection(ExtensibilityGlobals) = postSolution
		SolutionGuid = {B9DF017C-512C-4653-A251-3095F485E2B4}
	EndGlobalSection
EndGlobal
